// !$*UTF8*$!
{
	archiveVersion = 1;
	classes = {
	};
	objectVersion = 56;
	objects = {

/* Begin PBXBuildFile section */
		394D5B172C04AC3C009537A4 /* SwiftOpenAI in Frameworks */ = {isa = PBXBuildFile; productRef = 394D5B162C04AC3C009537A4 /* SwiftOpenAI */; };
		394D5B1A2C04AC93009537A4 /* UserTask.swift in Sources */ = {isa = PBXBuildFile; fileRef = 394D5B192C04AC93009537A4 /* UserTask.swift */; };
		394D5B1C2C04AD9F009537A4 /* TaskProtocol.swift in Sources */ = {isa = PBXBuildFile; fileRef = 394D5B1B2C04AD9F009537A4 /* TaskProtocol.swift */; };
		394D5B1E2C04B370009537A4 /* PomodoroTask.swift in Sources */ = {isa = PBXBuildFile; fileRef = 394D5B1D2C04B370009537A4 /* PomodoroTask.swift */; };
		394D5B202C04B88B009537A4 /* RepeatingTask.swift in Sources */ = {isa = PBXBuildFile; fileRef = 394D5B1F2C04B88B009537A4 /* RepeatingTask.swift */; };
		394D5B222C04B996009537A4 /* BlendedTask.swift in Sources */ = {isa = PBXBuildFile; fileRef = 394D5B212C04B996009537A4 /* BlendedTask.swift */; };
		394D5B252C04BAF9009537A4 /* BackgroundPersistenceActor.swift in Sources */ = {isa = PBXBuildFile; fileRef = 394D5B242C04BAF9009537A4 /* BackgroundPersistenceActor.swift */; };
		394D5B312C04BC3C009537A4 /* APIError+Ext.swift in Sources */ = {isa = PBXBuildFile; fileRef = 394D5B262C04BC3C009537A4 /* APIError+Ext.swift */; };
		394D5B322C04BC3C009537A4 /* Calendar++Ext.swift in Sources */ = {isa = PBXBuildFile; fileRef = 394D5B272C04BC3C009537A4 /* Calendar++Ext.swift */; };
		394D5B332C04BC3C009537A4 /* Date+Ext.swift in Sources */ = {isa = PBXBuildFile; fileRef = 394D5B282C04BC3C009537A4 /* Date+Ext.swift */; };
		394D5B342C04BC3C009537A4 /* Int+Ext.swift in Sources */ = {isa = PBXBuildFile; fileRef = 394D5B292C04BC3C009537A4 /* Int+Ext.swift */; };
		394D5B352C04BC3C009537A4 /* Optional+Ext.swift in Sources */ = {isa = PBXBuildFile; fileRef = 394D5B2A2C04BC3C009537A4 /* Optional+Ext.swift */; };
		394D5B362C04BC3C009537A4 /* String+Ext.swift in Sources */ = {isa = PBXBuildFile; fileRef = 394D5B2B2C04BC3C009537A4 /* String+Ext.swift */; };
		399C53B12C04AB7C00F8DB17 /* FocusAssistantApp.swift in Sources */ = {isa = PBXBuildFile; fileRef = 399C53B02C04AB7C00F8DB17 /* FocusAssistantApp.swift */; };
		399C53B32C04AB7C00F8DB17 /* ContentView.swift in Sources */ = {isa = PBXBuildFile; fileRef = 399C53B22C04AB7C00F8DB17 /* ContentView.swift */; };
		399C53B52C04AB7C00F8DB17 /* Item.swift in Sources */ = {isa = PBXBuildFile; fileRef = 399C53B42C04AB7C00F8DB17 /* Item.swift */; };
		399C53B72C04AB7D00F8DB17 /* Assets.xcassets in Resources */ = {isa = PBXBuildFile; fileRef = 399C53B62C04AB7D00F8DB17 /* Assets.xcassets */; };
		399C53BA2C04AB7D00F8DB17 /* Preview Assets.xcassets in Resources */ = {isa = PBXBuildFile; fileRef = 399C53B92C04AB7D00F8DB17 /* Preview Assets.xcassets */; };
/* End PBXBuildFile section */

/* Begin PBXFileReference section */
		394D5B192C04AC93009537A4 /* UserTask.swift */ = {isa = PBXFileReference; lastKnownFileType = sourcecode.swift; path = UserTask.swift; sourceTree = "<group>"; };
		394D5B1B2C04AD9F009537A4 /* TaskProtocol.swift */ = {isa = PBXFileReference; lastKnownFileType = sourcecode.swift; path = TaskProtocol.swift; sourceTree = "<group>"; };
		394D5B1D2C04B370009537A4 /* PomodoroTask.swift */ = {isa = PBXFileReference; lastKnownFileType = sourcecode.swift; path = PomodoroTask.swift; sourceTree = "<group>"; };
		394D5B1F2C04B88B009537A4 /* RepeatingTask.swift */ = {isa = PBXFileReference; lastKnownFileType = sourcecode.swift; path = RepeatingTask.swift; sourceTree = "<group>"; };
		394D5B212C04B996009537A4 /* BlendedTask.swift */ = {isa = PBXFileReference; lastKnownFileType = sourcecode.swift; path = BlendedTask.swift; sourceTree = "<group>"; };
		394D5B242C04BAF9009537A4 /* BackgroundPersistenceActor.swift */ = {isa = PBXFileReference; lastKnownFileType = sourcecode.swift; path = BackgroundPersistenceActor.swift; sourceTree = "<group>"; };
		394D5B262C04BC3C009537A4 /* APIError+Ext.swift */ = {isa = PBXFileReference; fileEncoding = 4; lastKnownFileType = sourcecode.swift; path = "APIError+Ext.swift"; sourceTree = "<group>"; };
		394D5B272C04BC3C009537A4 /* Calendar++Ext.swift */ = {isa = PBXFileReference; fileEncoding = 4; lastKnownFileType = sourcecode.swift; path = "Calendar++Ext.swift"; sourceTree = "<group>"; };
		394D5B282C04BC3C009537A4 /* Date+Ext.swift */ = {isa = PBXFileReference; fileEncoding = 4; lastKnownFileType = sourcecode.swift; path = "Date+Ext.swift"; sourceTree = "<group>"; };
		394D5B292C04BC3C009537A4 /* Int+Ext.swift */ = {isa = PBXFileReference; fileEncoding = 4; lastKnownFileType = sourcecode.swift; path = "Int+Ext.swift"; sourceTree = "<group>"; };
		394D5B2A2C04BC3C009537A4 /* Optional+Ext.swift */ = {isa = PBXFileReference; fileEncoding = 4; lastKnownFileType = sourcecode.swift; path = "Optional+Ext.swift"; sourceTree = "<group>"; };
		394D5B2B2C04BC3C009537A4 /* String+Ext.swift */ = {isa = PBXFileReference; fileEncoding = 4; lastKnownFileType = sourcecode.swift; path = "String+Ext.swift"; sourceTree = "<group>"; };
		399C53AD2C04AB7C00F8DB17 /* FocusAssistant.app */ = {isa = PBXFileReference; explicitFileType = wrapper.application; includeInIndex = 0; path = FocusAssistant.app; sourceTree = BUILT_PRODUCTS_DIR; };
		399C53B02C04AB7C00F8DB17 /* FocusAssistantApp.swift */ = {isa = PBXFileReference; lastKnownFileType = sourcecode.swift; path = FocusAssistantApp.swift; sourceTree = "<group>"; };
		399C53B22C04AB7C00F8DB17 /* ContentView.swift */ = {isa = PBXFileReference; lastKnownFileType = sourcecode.swift; path = ContentView.swift; sourceTree = "<group>"; };
		399C53B42C04AB7C00F8DB17 /* Item.swift */ = {isa = PBXFileReference; lastKnownFileType = sourcecode.swift; path = Item.swift; sourceTree = "<group>"; };
		399C53B62C04AB7D00F8DB17 /* Assets.xcassets */ = {isa = PBXFileReference; lastKnownFileType = folder.assetcatalog; path = Assets.xcassets; sourceTree = "<group>"; };
		399C53B92C04AB7D00F8DB17 /* Preview Assets.xcassets */ = {isa = PBXFileReference; lastKnownFileType = folder.assetcatalog; path = "Preview Assets.xcassets"; sourceTree = "<group>"; };
/* End PBXFileReference section */

/* Begin PBXFrameworksBuildPhase section */
		399C53AA2C04AB7C00F8DB17 /* Frameworks */ = {
			isa = PBXFrameworksBuildPhase;
			buildActionMask = 2147483647;
			files = (
				394D5B172C04AC3C009537A4 /* SwiftOpenAI in Frameworks */,
			);
			runOnlyForDeploymentPostprocessing = 0;
		};
/* End PBXFrameworksBuildPhase section */

/* Begin PBXGroup section */
		394D5B182C04AC7D009537A4 /* Models */ = {
			isa = PBXGroup;
			children = (
				394D5B192C04AC93009537A4 /* UserTask.swift */,
				394D5B1B2C04AD9F009537A4 /* TaskProtocol.swift */,
				394D5B1D2C04B370009537A4 /* PomodoroTask.swift */,
				394D5B1F2C04B88B009537A4 /* RepeatingTask.swift */,
				394D5B212C04B996009537A4 /* BlendedTask.swift */,
			);
			path = Models;
			sourceTree = "<group>";
		};
		394D5B232C04BAD8009537A4 /* Actors */ = {
			isa = PBXGroup;
			children = (
				394D5B242C04BAF9009537A4 /* BackgroundPersistenceActor.swift */,
			);
			path = Actors;
			sourceTree = "<group>";
		};
		394D5B2C2C04BC3C009537A4 /* Extensions */ = {
			isa = PBXGroup;
			children = (
				394D5B262C04BC3C009537A4 /* APIError+Ext.swift */,
				394D5B272C04BC3C009537A4 /* Calendar++Ext.swift */,
				394D5B282C04BC3C009537A4 /* Date+Ext.swift */,
				394D5B292C04BC3C009537A4 /* Int+Ext.swift */,
				394D5B2A2C04BC3C009537A4 /* Optional+Ext.swift */,
				394D5B2B2C04BC3C009537A4 /* String+Ext.swift */,
			);
			path = Extensions;
			sourceTree = "<group>";
		};
		394D5B302C04BC3C009537A4 /* Utilites */ = {
			isa = PBXGroup;
			children = (
				394D5B232C04BAD8009537A4 /* Actors */,
				394D5B2C2C04BC3C009537A4 /* Extensions */,
			);
			path = Utilites;
			sourceTree = "<group>";
		};
		399C53A42C04AB7C00F8DB17 = {
			isa = PBXGroup;
			children = (
				399C53AF2C04AB7C00F8DB17 /* FocusAssistant */,
				399C53AE2C04AB7C00F8DB17 /* Products */,
			);
			sourceTree = "<group>";
		};
		399C53AE2C04AB7C00F8DB17 /* Products */ = {
			isa = PBXGroup;
			children = (
				399C53AD2C04AB7C00F8DB17 /* FocusAssistant.app */,
			);
			name = Products;
			sourceTree = "<group>";
		};
		399C53AF2C04AB7C00F8DB17 /* FocusAssistant */ = {
			isa = PBXGroup;
			children = (
				394D5B302C04BC3C009537A4 /* Utilites */,
				394D5B182C04AC7D009537A4 /* Models */,
				399C53B02C04AB7C00F8DB17 /* FocusAssistantApp.swift */,
				399C53B22C04AB7C00F8DB17 /* ContentView.swift */,
				399C53B42C04AB7C00F8DB17 /* Item.swift */,
				399C53B62C04AB7D00F8DB17 /* Assets.xcassets */,
				399C53B82C04AB7D00F8DB17 /* Preview Content */,
			);
			path = FocusAssistant;
			sourceTree = "<group>";
		};
		399C53B82C04AB7D00F8DB17 /* Preview Content */ = {
			isa = PBXGroup;
			children = (
				399C53B92C04AB7D00F8DB17 /* Preview Assets.xcassets */,
			);
			path = "Preview Content";
			sourceTree = "<group>";
		};
/* End PBXGroup section */

/* Begin PBXNativeTarget section */
		399C53AC2C04AB7C00F8DB17 /* FocusAssistant */ = {
			isa = PBXNativeTarget;
			buildConfigurationList = 399C53BD2C04AB7D00F8DB17 /* Build configuration list for PBXNativeTarget "FocusAssistant" */;
			buildPhases = (
				399C53A92C04AB7C00F8DB17 /* Sources */,
				399C53AA2C04AB7C00F8DB17 /* Frameworks */,
				399C53AB2C04AB7C00F8DB17 /* Resources */,
			);
			buildRules = (
			);
			dependencies = (
			);
			name = FocusAssistant;
			packageProductDependencies = (
				394D5B162C04AC3C009537A4 /* SwiftOpenAI */,
			);
			productName = FocusAssistant;
			productReference = 399C53AD2C04AB7C00F8DB17 /* FocusAssistant.app */;
			productType = "com.apple.product-type.application";
		};
/* End PBXNativeTarget section */

/* Begin PBXProject section */
		399C53A52C04AB7C00F8DB17 /* Project object */ = {
			isa = PBXProject;
			attributes = {
				BuildIndependentTargetsInParallel = 1;
				LastSwiftUpdateCheck = 1530;
				LastUpgradeCheck = 1530;
				TargetAttributes = {
					399C53AC2C04AB7C00F8DB17 = {
						CreatedOnToolsVersion = 15.3;
					};
				};
			};
			buildConfigurationList = 399C53A82C04AB7C00F8DB17 /* Build configuration list for PBXProject "FocusAssistant" */;
			compatibilityVersion = "Xcode 14.0";
			developmentRegion = en;
			hasScannedForEncodings = 0;
			knownRegions = (
				en,
				Base,
			);
			mainGroup = 399C53A42C04AB7C00F8DB17;
			packageReferences = (
				394D5B152C04AC3C009537A4 /* XCRemoteSwiftPackageReference "SwiftOpenAI" */,
			);
			productRefGroup = 399C53AE2C04AB7C00F8DB17 /* Products */;
			projectDirPath = "";
			projectRoot = "";
			targets = (
				399C53AC2C04AB7C00F8DB17 /* FocusAssistant */,
			);
		};
/* End PBXProject section */

/* Begin PBXResourcesBuildPhase section */
		399C53AB2C04AB7C00F8DB17 /* Resources */ = {
			isa = PBXResourcesBuildPhase;
			buildActionMask = 2147483647;
			files = (
				399C53BA2C04AB7D00F8DB17 /* Preview Assets.xcassets in Resources */,
				399C53B72C04AB7D00F8DB17 /* Assets.xcassets in Resources */,
			);
			runOnlyForDeploymentPostprocessing = 0;
		};
/* End PBXResourcesBuildPhase section */

/* Begin PBXSourcesBuildPhase section */
		399C53A92C04AB7C00F8DB17 /* Sources */ = {
			isa = PBXSourcesBuildPhase;
			buildActionMask = 2147483647;
			files = (
				394D5B202C04B88B009537A4 /* RepeatingTask.swift in Sources */,
				394D5B252C04BAF9009537A4 /* BackgroundPersistenceActor.swift in Sources */,
				399C53B32C04AB7C00F8DB17 /* ContentView.swift in Sources */,
				394D5B362C04BC3C009537A4 /* String+Ext.swift in Sources */,
				394D5B332C04BC3C009537A4 /* Date+Ext.swift in Sources */,
				399C53B52C04AB7C00F8DB17 /* Item.swift in Sources */,
				399C53B12C04AB7C00F8DB17 /* FocusAssistantApp.swift in Sources */,
				394D5B1E2C04B370009537A4 /* PomodoroTask.swift in Sources */,
				394D5B222C04B996009537A4 /* BlendedTask.swift in Sources */,
				394D5B312C04BC3C009537A4 /* APIError+Ext.swift in Sources */,
				394D5B342C04BC3C009537A4 /* Int+Ext.swift in Sources */,
				394D5B1A2C04AC93009537A4 /* UserTask.swift in Sources */,
				394D5B352C04BC3C009537A4 /* Optional+Ext.swift in Sources */,
				394D5B1C2C04AD9F009537A4 /* TaskProtocol.swift in Sources */,
				394D5B322C04BC3C009537A4 /* Calendar++Ext.swift in Sources */,
			);
			runOnlyForDeploymentPostprocessing = 0;
		};
/* End PBXSourcesBuildPhase section */

/* Begin XCBuildConfiguration section */
		399C53BB2C04AB7D00F8DB17 /* Debug */ = {
			isa = XCBuildConfiguration;
			buildSettings = {
				ALWAYS_SEARCH_USER_PATHS = NO;
				ASSETCATALOG_COMPILER_GENERATE_SWIFT_ASSET_SYMBOL_EXTENSIONS = YES;
				CLANG_ANALYZER_NONNULL = YES;
				CLANG_ANALYZER_NUMBER_OBJECT_CONVERSION = YES_AGGRESSIVE;
				CLANG_CXX_LANGUAGE_STANDARD = "gnu++20";
				CLANG_ENABLE_MODULES = YES;
				CLANG_ENABLE_OBJC_ARC = YES;
				CLANG_ENABLE_OBJC_WEAK = YES;
				CLANG_WARN_BLOCK_CAPTURE_AUTORELEASING = YES;
				CLANG_WARN_BOOL_CONVERSION = YES;
				CLANG_WARN_COMMA = YES;
				CLANG_WARN_CONSTANT_CONVERSION = YES;
				CLANG_WARN_DEPRECATED_OBJC_IMPLEMENTATIONS = YES;
				CLANG_WARN_DIRECT_OBJC_ISA_USAGE = YES_ERROR;
				CLANG_WARN_DOCUMENTATION_COMMENTS = YES;
				CLANG_WARN_EMPTY_BODY = YES;
				CLANG_WARN_ENUM_CONVERSION = YES;
				CLANG_WARN_INFINITE_RECURSION = YES;
				CLANG_WARN_INT_CONVERSION = YES;
				CLANG_WARN_NON_LITERAL_NULL_CONVERSION = YES;
				CLANG_WARN_OBJC_IMPLICIT_RETAIN_SELF = YES;
				CLANG_WARN_OBJC_LITERAL_CONVERSION = YES;
				CLANG_WARN_OBJC_ROOT_CLASS = YES_ERROR;
				CLANG_WARN_QUOTED_INCLUDE_IN_FRAMEWORK_HEADER = YES;
				CLANG_WARN_RANGE_LOOP_ANALYSIS = YES;
				CLANG_WARN_STRICT_PROTOTYPES = YES;
				CLANG_WARN_SUSPICIOUS_MOVE = YES;
				CLANG_WARN_UNGUARDED_AVAILABILITY = YES_AGGRESSIVE;
				CLANG_WARN_UNREACHABLE_CODE = YES;
				CLANG_WARN__DUPLICATE_METHOD_MATCH = YES;
				COPY_PHASE_STRIP = NO;
				DEBUG_INFORMATION_FORMAT = dwarf;
				ENABLE_STRICT_OBJC_MSGSEND = YES;
				ENABLE_TESTABILITY = YES;
				ENABLE_USER_SCRIPT_SANDBOXING = YES;
				GCC_C_LANGUAGE_STANDARD = gnu17;
				GCC_DYNAMIC_NO_PIC = NO;
				GCC_NO_COMMON_BLOCKS = YES;
				GCC_OPTIMIZATION_LEVEL = 0;
				GCC_PREPROCESSOR_DEFINITIONS = (
					"DEBUG=1",
					"$(inherited)",
				);
				GCC_WARN_64_TO_32_BIT_CONVERSION = YES;
				GCC_WARN_ABOUT_RETURN_TYPE = YES_ERROR;
				GCC_WARN_UNDECLARED_SELECTOR = YES;
				GCC_WARN_UNINITIALIZED_AUTOS = YES_AGGRESSIVE;
				GCC_WARN_UNUSED_FUNCTION = YES;
				GCC_WARN_UNUSED_VARIABLE = YES;
				IPHONEOS_DEPLOYMENT_TARGET = 17.4;
				LOCALIZATION_PREFERS_STRING_CATALOGS = YES;
				MTL_ENABLE_DEBUG_INFO = INCLUDE_SOURCE;
				MTL_FAST_MATH = YES;
				ONLY_ACTIVE_ARCH = YES;
				SDKROOT = iphoneos;
				SWIFT_ACTIVE_COMPILATION_CONDITIONS = "DEBUG $(inherited)";
				SWIFT_OPTIMIZATION_LEVEL = "-Onone";
			};
			name = Debug;
		};
		399C53BC2C04AB7D00F8DB17 /* Release */ = {
			isa = XCBuildConfiguration;
			buildSettings = {
				ALWAYS_SEARCH_USER_PATHS = NO;
				ASSETCATALOG_COMPILER_GENERATE_SWIFT_ASSET_SYMBOL_EXTENSIONS = YES;
				CLANG_ANALYZER_NONNULL = YES;
				CLANG_ANALYZER_NUMBER_OBJECT_CONVERSION = YES_AGGRESSIVE;
				CLANG_CXX_LANGUAGE_STANDARD = "gnu++20";
				CLANG_ENABLE_MODULES = YES;
				CLANG_ENABLE_OBJC_ARC = YES;
				CLANG_ENABLE_OBJC_WEAK = YES;
				CLANG_WARN_BLOCK_CAPTURE_AUTORELEASING = YES;
				CLANG_WARN_BOOL_CONVERSION = YES;
				CLANG_WARN_COMMA = YES;
				CLANG_WARN_CONSTANT_CONVERSION = YES;
				CLANG_WARN_DEPRECATED_OBJC_IMPLEMENTATIONS = YES;
				CLANG_WARN_DIRECT_OBJC_ISA_USAGE = YES_ERROR;
				CLANG_WARN_DOCUMENTATION_COMMENTS = YES;
				CLANG_WARN_EMPTY_BODY = YES;
				CLANG_WARN_ENUM_CONVERSION = YES;
				CLANG_WARN_INFINITE_RECURSION = YES;
				CLANG_WARN_INT_CONVERSION = YES;
				CLANG_WARN_NON_LITERAL_NULL_CONVERSION = YES;
				CLANG_WARN_OBJC_IMPLICIT_RETAIN_SELF = YES;
				CLANG_WARN_OBJC_LITERAL_CONVERSION = YES;
				CLANG_WARN_OBJC_ROOT_CLASS = YES_ERROR;
				CLANG_WARN_QUOTED_INCLUDE_IN_FRAMEWORK_HEADER = YES;
				CLANG_WARN_RANGE_LOOP_ANALYSIS = YES;
				CLANG_WARN_STRICT_PROTOTYPES = YES;
				CLANG_WARN_SUSPICIOUS_MOVE = YES;
				CLANG_WARN_UNGUARDED_AVAILABILITY = YES_AGGRESSIVE;
				CLANG_WARN_UNREACHABLE_CODE = YES;
				CLANG_WARN__DUPLICATE_METHOD_MATCH = YES;
				COPY_PHASE_STRIP = NO;
				DEBUG_INFORMATION_FORMAT = "dwarf-with-dsym";
				ENABLE_NS_ASSERTIONS = NO;
				ENABLE_STRICT_OBJC_MSGSEND = YES;
				ENABLE_USER_SCRIPT_SANDBOXING = YES;
				GCC_C_LANGUAGE_STANDARD = gnu17;
				GCC_NO_COMMON_BLOCKS = YES;
				GCC_WARN_64_TO_32_BIT_CONVERSION = YES;
				GCC_WARN_ABOUT_RETURN_TYPE = YES_ERROR;
				GCC_WARN_UNDECLARED_SELECTOR = YES;
				GCC_WARN_UNINITIALIZED_AUTOS = YES_AGGRESSIVE;
				GCC_WARN_UNUSED_FUNCTION = YES;
				GCC_WARN_UNUSED_VARIABLE = YES;
				IPHONEOS_DEPLOYMENT_TARGET = 17.4;
				LOCALIZATION_PREFERS_STRING_CATALOGS = YES;
				MTL_ENABLE_DEBUG_INFO = NO;
				MTL_FAST_MATH = YES;
				SDKROOT = iphoneos;
				SWIFT_COMPILATION_MODE = wholemodule;
				VALIDATE_PRODUCT = YES;
			};
			name = Release;
		};
		399C53BE2C04AB7D00F8DB17 /* Debug */ = {
			isa = XCBuildConfiguration;
			buildSettings = {
				ASSETCATALOG_COMPILER_APPICON_NAME = AppIcon;
				ASSETCATALOG_COMPILER_GLOBAL_ACCENT_COLOR_NAME = AccentColor;
				CODE_SIGN_STYLE = Automatic;
				CURRENT_PROJECT_VERSION = 1;
				DEVELOPMENT_ASSET_PATHS = "\"FocusAssistant/Preview Content\"";
				DEVELOPMENT_TEAM = 4TMP5JL59R;
				ENABLE_PREVIEWS = YES;
				GENERATE_INFOPLIST_FILE = YES;
				INFOPLIST_KEY_UIApplicationSceneManifest_Generation = YES;
				INFOPLIST_KEY_UIApplicationSupportsIndirectInputEvents = YES;
				INFOPLIST_KEY_UILaunchScreen_Generation = YES;
				INFOPLIST_KEY_UISupportedInterfaceOrientations_iPad = "UIInterfaceOrientationPortrait UIInterfaceOrientationPortraitUpsideDown UIInterfaceOrientationLandscapeLeft UIInterfaceOrientationLandscapeRight";
				INFOPLIST_KEY_UISupportedInterfaceOrientations_iPhone = "UIInterfaceOrientationPortrait UIInterfaceOrientationLandscapeLeft UIInterfaceOrientationLandscapeRight";
				LD_RUNPATH_SEARCH_PATHS = (
					"$(inherited)",
					"@executable_path/Frameworks",
				);
				MARKETING_VERSION = 1.0;
				PRODUCT_BUNDLE_IDENTIFIER = com.nanasekyere.FocusAssistant;
				PRODUCT_NAME = "$(TARGET_NAME)";
				SWIFT_EMIT_LOC_STRINGS = YES;
				SWIFT_VERSION = 5.0;
				TARGETED_DEVICE_FAMILY = "1,2";
			};
			name = Debug;
		};
		399C53BF2C04AB7D00F8DB17 /* Release */ = {
			isa = XCBuildConfiguration;
			buildSettings = {
				ASSETCATALOG_COMPILER_APPICON_NAME = AppIcon;
				ASSETCATALOG_COMPILER_GLOBAL_ACCENT_COLOR_NAME = AccentColor;
				CODE_SIGN_STYLE = Automatic;
				CURRENT_PROJECT_VERSION = 1;
				DEVELOPMENT_ASSET_PATHS = "\"FocusAssistant/Preview Content\"";
				DEVELOPMENT_TEAM = 4TMP5JL59R;
				ENABLE_PREVIEWS = YES;
				GENERATE_INFOPLIST_FILE = YES;
				INFOPLIST_KEY_UIApplicationSceneManifest_Generation = YES;
				INFOPLIST_KEY_UIApplicationSupportsIndirectInputEvents = YES;
				INFOPLIST_KEY_UILaunchScreen_Generation = YES;
				INFOPLIST_KEY_UISupportedInterfaceOrientations_iPad = "UIInterfaceOrientationPortrait UIInterfaceOrientationPortraitUpsideDown UIInterfaceOrientationLandscapeLeft UIInterfaceOrientationLandscapeRight";
				INFOPLIST_KEY_UISupportedInterfaceOrientations_iPhone = "UIInterfaceOrientationPortrait UIInterfaceOrientationLandscapeLeft UIInterfaceOrientationLandscapeRight";
				LD_RUNPATH_SEARCH_PATHS = (
					"$(inherited)",
					"@executable_path/Frameworks",
				);
				MARKETING_VERSION = 1.0;
				PRODUCT_BUNDLE_IDENTIFIER = com.nanasekyere.FocusAssistant;
				PRODUCT_NAME = "$(TARGET_NAME)";
				SWIFT_EMIT_LOC_STRINGS = YES;
				SWIFT_VERSION = 5.0;
				TARGETED_DEVICE_FAMILY = "1,2";
			};
			name = Release;
		};
/* End XCBuildConfiguration section */

/* Begin XCConfigurationList section */
		399C53A82C04AB7C00F8DB17 /* Build configuration list for PBXProject "FocusAssistant" */ = {
			isa = XCConfigurationList;
			buildConfigurations = (
				399C53BB2C04AB7D00F8DB17 /* Debug */,
				399C53BC2C04AB7D00F8DB17 /* Release */,
			);
			defaultConfigurationIsVisible = 0;
			defaultConfigurationName = Release;
		};
		399C53BD2C04AB7D00F8DB17 /* Build configuration list for PBXNativeTarget "FocusAssistant" */ = {
			isa = XCConfigurationList;
			buildConfigurations = (
				399C53BE2C04AB7D00F8DB17 /* Debug */,
				399C53BF2C04AB7D00F8DB17 /* Release */,
			);
			defaultConfigurationIsVisible = 0;
			defaultConfigurationName = Release;
		};
/* End XCConfigurationList section */

/* Begin XCRemoteSwiftPackageReference section */
		394D5B152C04AC3C009537A4 /* XCRemoteSwiftPackageReference "SwiftOpenAI" */ = {
			isa = XCRemoteSwiftPackageReference;
			repositoryURL = "https://github.com/jamesrochabrun/SwiftOpenAI";
			requirement = {
				kind = upToNextMajorVersion;
				minimumVersion = 2.0.0;
			};
		};
/* End XCRemoteSwiftPackageReference section */

/* Begin XCSwiftPackageProductDependency section */
		394D5B162C04AC3C009537A4 /* SwiftOpenAI */ = {
			isa = XCSwiftPackageProductDependency;
			package = 394D5B152C04AC3C009537A4 /* XCRemoteSwiftPackageReference "SwiftOpenAI" */;
			productName = SwiftOpenAI;
		};
/* End XCSwiftPackageProductDependency section */
	};
	rootObject = 399C53A52C04AB7C00F8DB17 /* Project object */;
}
