{
  "originHash" : "b20959accfb6a524e25c4232abc2a5d3d08f4c0a74a3520338be016bf1a60c4a",
  "pins" : [
    {
      "identity" : "concentriconboarding",
      "kind" : "remoteSourceControl",
      "location" : "https://github.com/exyte/ConcentricOnboarding.git",
      "state" : {
        "revision" : "12d3b2abd946d30bfb3ceb1b4b30f124d80983e9",
        "version" : "1.0.6"
      }
    },
    {
      "identity" : "swiftopenai",
      "kind" : "remoteSourceControl",
      "location" : "https://github.com/jamesrochabrun/SwiftOpenAI",
      "state" : {
        "revision" : "f0edddcfb987d4293d6b5aee5ecaecf4309313b0",
        "version" : "2.7.0"
      }
    }
  ],
  "version" : 3
}
